
Microsoft Visual Studio Solution File, Format Version 12.00
# Visual Studio Version 16
VisualStudioVersion = 16.0.29709.97
MinimumVisualStudioVersion = 10.0.40219.1
Project("{FAE04EC0-301F-11D3-BF4B-00C04F79EFBC}") = "AlligatorsAndSheep", "AlligatorsAndSheep\AlligatorsAndSheep.csproj", "{936F2C35-3B4E-42D5-82CC-CF1942FDD3BA}"
EndProject
Global
	GlobalSection(SolutionConfigurationPlatforms) = preSolution
		Debug|Any CPU = Debug|Any CPU
		Release|Any CPU = Release|Any CPU
	EndGlobalSection
	GlobalSection(ProjectConfigurationPlatforms) = postSolution
		{936F2C35-3B4E-42D5-82CC-CF1942FDD3BA}.Debug|Any CPU.ActiveCfg = Debug|Any CPU
		{936F2C35-3B4E-42D5-82CC-CF1942FDD3BA}.Debug|Any CPU.Build.0 = Debug|Any CPU
		{936F2C35-3B4E-42D5-82CC-CF1942FDD3BA}.Release|Any CPU.ActiveCfg = Release|Any CPU
		{936F2C35-3B4E-42D5-82CC-CF1942FDD3BA}.Release|Any CPU.Build.0 = Release|Any CPU
	EndGlobalSection
	GlobalSection(SolutionProperties) = preSolution
		HideSolutionNode = FALSE
	EndGlobalSection
	GlobalSection(ExtensibilityGlobals) = postSolution
		SolutionGuid = {FD49928E-C03C-4018-BB7D-806C0C85594E}
	EndGlobalSection
EndGlobal
